
Microsoft Visual Studio Solution File, Format Version 12.00
# Visual Studio Version 16
VisualStudioVersion = 16.0.32901.82
MinimumVisualStudioVersion = 10.0.40219.1
Project("{FAE04EC0-301F-11D3-BF4B-00C04F79EFBC}") = "Amend Connection Reference", "Amend Connection Reference\Amend Connection Reference.csproj", "{395F8650-9254-488B-9EE3-D91AF41BCFDC}"
EndProject
Global
	GlobalSection(SolutionConfigurationPlatforms) = preSolution
		Debug|Any CPU = Debug|Any CPU
		Release|Any CPU = Release|Any CPU
	EndGlobalSection
	GlobalSection(ProjectConfigurationPlatforms) = postSolution
		{395F8650-9254-488B-9EE3-D91AF41BCFDC}.Debug|Any CPU.ActiveCfg = Debug|Any CPU
		{395F8650-9254-488B-9EE3-D91AF41BCFDC}.Debug|Any CPU.Build.0 = Debug|Any CPU
		{395F8650-9254-488B-9EE3-D91AF41BCFDC}.Release|Any CPU.ActiveCfg = Release|Any CPU
		{395F8650-9254-488B-9EE3-D91AF41BCFDC}.Release|Any CPU.Build.0 = Release|Any CPU
	EndGlobalSection
	GlobalSection(SolutionProperties) = preSolution
		HideSolutionNode = FALSE
	EndGlobalSection
	GlobalSection(ExtensibilityGlobals) = postSolution
		SolutionGuid = {13858613-C9F0-4817-91B9-EB2EF64BF6E7}
	EndGlobalSection
EndGlobal
